
Microsoft Visual Studio Solution File, Format Version 12.00
# Visual Studio 15
VisualStudioVersion = 15.0.26730.16
MinimumVisualStudioVersion = 10.0.40219.1
Project("{2150E333-8FDC-42A3-9474-1A3956D46DE8}") = "Net", "Net", "{0D0102A2-BA2B-46DC-A248-FE0DA205AFB8}"
EndProject
Project("{2150E333-8FDC-42A3-9474-1A3956D46DE8}") = "Net.Core", "Net.Core", "{87E5B87A-7891-4C2F-AC64-CB20A026D2CF}"
EndProject
Project("{2150E333-8FDC-42A3-9474-1A3956D46DE8}") = "Dependencies", "Dependencies", "{969F7626-E270-4B74-BF30-25649AD0480B}"
EndProject
Project("{2150E333-8FDC-42A3-9474-1A3956D46DE8}") = "Console.Apps", "Console.Apps", "{1A1EE9A4-D468-4E30-9865-AA94CBDC102C}"
EndProject
Project("{2150E333-8FDC-42A3-9474-1A3956D46DE8}") = "Web.Apps", "Web.Apps", "{AB75C23E-8911-4B40-9FA3-807EB39FC13C}"
EndProject
Project("{2150E333-8FDC-42A3-9474-1A3956D46DE8}") = "Mobile.Apps", "Mobile.Apps", "{2FC1B6FD-BAC8-480F-B63C-98D2BAC86A5C}"
EndProject
Project("{2150E333-8FDC-42A3-9474-1A3956D46DE8}") = "Console.Apps", "Console.Apps", "{331DF9B2-90A0-4534-9502-E514DA9C6720}"
EndProject
Project("{2150E333-8FDC-42A3-9474-1A3956D46DE8}") = "Mobile.Apps", "Mobile.Apps", "{751F45A4-A60C-4730-8FA1-ADD00EDCDC91}"
EndProject
Project("{2150E333-8FDC-42A3-9474-1A3956D46DE8}") = "Web.Apps", "Web.Apps", "{04D84B34-BD3F-46EC-8D5E-61841BA1276D}"
EndProject
Project("{2150E333-8FDC-42A3-9474-1A3956D46DE8}") = ".Net", ".Net", "{78FEFD35-CA73-4334-B046-66135D14F563}"
EndProject
Project("{2150E333-8FDC-42A3-9474-1A3956D46DE8}") = ".Net.Core", ".Net.Core", "{5D321AB0-C945-4139-929F-A62E153D8AE0}"
EndProject
Project("{2150E333-8FDC-42A3-9474-1A3956D46DE8}") = "01.Presentation", "01.Presentation", "{08EF799E-BD49-4C5A-9C0F-202644B86B65}"
EndProject
Project("{2150E333-8FDC-42A3-9474-1A3956D46DE8}") = "02.Business", "02.Business", "{AD48B330-04E8-4E02-99A6-7915B33584C7}"
EndProject
Project("{2150E333-8FDC-42A3-9474-1A3956D46DE8}") = "03.Data", "03.Data", "{711AE647-B7B6-4B05-8E06-7D9AD5914E97}"
EndProject
Project("{2150E333-8FDC-42A3-9474-1A3956D46DE8}") = "01.Presentation", "01.Presentation", "{E32E25F7-CB96-4AC6-A3C7-01F5BB604D9F}"
EndProject
Project("{2150E333-8FDC-42A3-9474-1A3956D46DE8}") = "02.Business", "02.Business", "{89D48BD4-76E4-4054-879C-3953FABA9557}"
EndProject
Project("{2150E333-8FDC-42A3-9474-1A3956D46DE8}") = "03.Data", "03.Data", "{1EDE8A13-70B2-4787-A1C4-FF089A0F6F6C}"
EndProject
Project("{2150E333-8FDC-42A3-9474-1A3956D46DE8}") = "01.Presentation", "01.Presentation", "{ED1B5950-F3E2-4A6C-B561-A4EC7CD4E372}"
EndProject
Project("{2150E333-8FDC-42A3-9474-1A3956D46DE8}") = "02.Business", "02.Business", "{67036B9C-C2A9-428C-BFAD-9E2552B06FBE}"
EndProject
Project("{2150E333-8FDC-42A3-9474-1A3956D46DE8}") = "03.Data", "03.Data", "{6190506D-1B82-47E9-BF53-94027756BF9E}"
EndProject
Project("{2150E333-8FDC-42A3-9474-1A3956D46DE8}") = "Common", "Common", "{D07FF433-1887-4B31-9CC2-3566750D8347}"
EndProject
Project("{2150E333-8FDC-42A3-9474-1A3956D46DE8}") = "01.Net.Entity", "01.Net.Entity", "{D28EF348-6969-45FF-BB66-E56BF384122B}"
EndProject
Project("{2150E333-8FDC-42A3-9474-1A3956D46DE8}") = "02.Net.Core.Entity", "02.Net.Core.Entity", "{5F226399-05DF-4270-9547-5397F8E582B6}"
EndProject
Project("{FAE04EC0-301F-11D3-BF4B-00C04F79EFBC}") = "Net.Core.Entity", "Common\01.Net.Core.Entity\Net.Core.Entity\Net.Core.Entity.csproj", "{8EDA271E-96BE-40E2-9C31-06D829DB6B23}"
EndProject
Project("{FAE04EC0-301F-11D3-BF4B-00C04F79EFBC}") = "Net.Entity", "Common\01.Net.Entity\Net.Entity\Net.Entity.csproj", "{A6DC4CFB-CFF5-4A07-9201-A2BA70827797}"
EndProject
Global
	GlobalSection(SolutionConfigurationPlatforms) = preSolution
		Debug|Any CPU = Debug|Any CPU
		Release|Any CPU = Release|Any CPU
	EndGlobalSection
	GlobalSection(ProjectConfigurationPlatforms) = postSolution
		{8EDA271E-96BE-40E2-9C31-06D829DB6B23}.Debug|Any CPU.ActiveCfg = Debug|Any CPU
		{8EDA271E-96BE-40E2-9C31-06D829DB6B23}.Debug|Any CPU.Build.0 = Debug|Any CPU
		{8EDA271E-96BE-40E2-9C31-06D829DB6B23}.Release|Any CPU.ActiveCfg = Release|Any CPU
		{8EDA271E-96BE-40E2-9C31-06D829DB6B23}.Release|Any CPU.Build.0 = Release|Any CPU
		{A6DC4CFB-CFF5-4A07-9201-A2BA70827797}.Debug|Any CPU.ActiveCfg = Debug|Any CPU
		{A6DC4CFB-CFF5-4A07-9201-A2BA70827797}.Debug|Any CPU.Build.0 = Debug|Any CPU
		{A6DC4CFB-CFF5-4A07-9201-A2BA70827797}.Release|Any CPU.ActiveCfg = Release|Any CPU
		{A6DC4CFB-CFF5-4A07-9201-A2BA70827797}.Release|Any CPU.Build.0 = Release|Any CPU
	EndGlobalSection
	GlobalSection(SolutionProperties) = preSolution
		HideSolutionNode = FALSE
	EndGlobalSection
	GlobalSection(NestedProjects) = preSolution
		{1A1EE9A4-D468-4E30-9865-AA94CBDC102C} = {87E5B87A-7891-4C2F-AC64-CB20A026D2CF}
		{AB75C23E-8911-4B40-9FA3-807EB39FC13C} = {87E5B87A-7891-4C2F-AC64-CB20A026D2CF}
		{2FC1B6FD-BAC8-480F-B63C-98D2BAC86A5C} = {87E5B87A-7891-4C2F-AC64-CB20A026D2CF}
		{331DF9B2-90A0-4534-9502-E514DA9C6720} = {0D0102A2-BA2B-46DC-A248-FE0DA205AFB8}
		{751F45A4-A60C-4730-8FA1-ADD00EDCDC91} = {0D0102A2-BA2B-46DC-A248-FE0DA205AFB8}
		{04D84B34-BD3F-46EC-8D5E-61841BA1276D} = {0D0102A2-BA2B-46DC-A248-FE0DA205AFB8}
		{78FEFD35-CA73-4334-B046-66135D14F563} = {969F7626-E270-4B74-BF30-25649AD0480B}
		{5D321AB0-C945-4139-929F-A62E153D8AE0} = {969F7626-E270-4B74-BF30-25649AD0480B}
		{08EF799E-BD49-4C5A-9C0F-202644B86B65} = {AB75C23E-8911-4B40-9FA3-807EB39FC13C}
		{AD48B330-04E8-4E02-99A6-7915B33584C7} = {AB75C23E-8911-4B40-9FA3-807EB39FC13C}
		{711AE647-B7B6-4B05-8E06-7D9AD5914E97} = {AB75C23E-8911-4B40-9FA3-807EB39FC13C}
		{E32E25F7-CB96-4AC6-A3C7-01F5BB604D9F} = {1A1EE9A4-D468-4E30-9865-AA94CBDC102C}
		{89D48BD4-76E4-4054-879C-3953FABA9557} = {1A1EE9A4-D468-4E30-9865-AA94CBDC102C}
		{1EDE8A13-70B2-4787-A1C4-FF089A0F6F6C} = {1A1EE9A4-D468-4E30-9865-AA94CBDC102C}
		{ED1B5950-F3E2-4A6C-B561-A4EC7CD4E372} = {2FC1B6FD-BAC8-480F-B63C-98D2BAC86A5C}
		{67036B9C-C2A9-428C-BFAD-9E2552B06FBE} = {2FC1B6FD-BAC8-480F-B63C-98D2BAC86A5C}
		{6190506D-1B82-47E9-BF53-94027756BF9E} = {2FC1B6FD-BAC8-480F-B63C-98D2BAC86A5C}
		{D28EF348-6969-45FF-BB66-E56BF384122B} = {D07FF433-1887-4B31-9CC2-3566750D8347}
		{5F226399-05DF-4270-9547-5397F8E582B6} = {D07FF433-1887-4B31-9CC2-3566750D8347}
		{8EDA271E-96BE-40E2-9C31-06D829DB6B23} = {5F226399-05DF-4270-9547-5397F8E582B6}
		{A6DC4CFB-CFF5-4A07-9201-A2BA70827797} = {D28EF348-6969-45FF-BB66-E56BF384122B}
	EndGlobalSection
	GlobalSection(ExtensibilityGlobals) = postSolution
		SolutionGuid = {B109B259-0105-47EF-A45C-AE1B9DB457F9}
	EndGlobalSection
EndGlobal
